hash: 7240f8dd5f03d95cf3fe139cb37d1017f1fbe138fc275ee0d9aadb4801b17c6d
updated: 2016-12-01T13:53:47.899518319-05:00
imports:
- name: github.com/AchievementNetwork/go-util
  version: b05a641f2b9a5ab8ee95f7dfe9a20c7b51a45dc2
  subpackages:
  - boneful
  - util
- name: github.com/AchievementNetwork/stringset
  version: 85e70f1a1394e441081377770ab4a8ce527bf547
- name: github.com/go-zoo/bone
  version: 0237f0c5455f175a6513e21afe050e128902dc7f
- name: gopkg.in/bsm/ratelimit.v1
  version: db14e161995a5177acef654cb0dd785e8ee8bc22
- name: gopkg.in/redis.v3
  version: b5e368500d0a508ef8f16e9c2d4025a8a46bcc29
  subpackages:
  - internal
  - internal/consistenthash
  - internal/hashtag
  - internal/pool
testImports:
- name: github.com/davecgh/go-spew
  version: 6d212800a42e8ab5c146b8ace3490ee17e5225f9
  subpackages:
  - spew
- name: github.com/pmezard/go-difflib
  version: d8ed2627bdf02c080bf22230dbb337003b7aba2d
  subpackages:
  - difflib
- name: github.com/stretchr/testify
  version: 69483b4bd14f5845b5a1e55bca19e954e827f1d0
  subpackages:
  - assert
