hash: b14b383e0c46aeace53f49859c9a898154d6340d2850b4b234d0bcb5824c2c7c
updated: 2017-05-15T10:07:22.762365656-04:00
imports:
- name: github.com/AchievementNetwork/go-util
  version: 006634753dc289fb4ba18550ed5412b62f17ed11
  subpackages:
  - boneful
  - util
- name: github.com/AchievementNetwork/stringset
  version: 85e70f1a1394e441081377770ab4a8ce527bf547
- name: github.com/dgrijalva/jwt-go
  version: d2709f9f1f31ebcda9651b03077758c1f3a0018c
- name: github.com/go-zoo/bone
  version: fd0aebc74e908868b09ac140fb5a53cb363884c1
- name: gopkg.in/bsm/ratelimit.v1
  version: db14e161995a5177acef654cb0dd785e8ee8bc22
- name: gopkg.in/redis.v3
  version: b5e368500d0a508ef8f16e9c2d4025a8a46bcc29
  subpackages:
  - internal
  - internal/consistenthash
  - internal/hashtag
  - internal/pool
testImports:
- name: github.com/davecgh/go-spew
  version: 6d212800a42e8ab5c146b8ace3490ee17e5225f9
  subpackages:
  - spew
- name: github.com/pmezard/go-difflib
  version: d8ed2627bdf02c080bf22230dbb337003b7aba2d
  subpackages:
  - difflib
- name: github.com/stretchr/testify
  version: 69483b4bd14f5845b5a1e55bca19e954e827f1d0
  subpackages:
  - assert
  - require
